github.com/go-gl/glfw/v3.3/glfw v0.0.0-20220806181222-55e207c401ad h1:kX51IjbsJPCvzV9jUoVQG9GEUqIq5hjfYzXTqQ52Rh8=
github.com/go-gl/glfw/v3.3/glfw v0.0.0-20220806181222-55e207c401ad/go.mod h1:tQ2UAYgL5IevRw8kRxooKSPJfGvJ9fJQFa0TUsXzTg8=
github.com/tomas-mraz/linmath v1.0.0 h1:TmtsCilRp3heOBd8YpHqbJ7v2h1Rhu/TCH3/N3x2X7I=
github.com/tomas-mraz/linmath v1.0.0/go.mod h1:Xdf+ILo+Ga5OkHXWwWGXJMkYJLZW7MgYXja0dfdFM/U=
github.com/vulkan-go/vulkan v0.0.0-20200123094538-aa511c71e200 h1:Gd8JCplUKwEoAx/9s/zL9DQzNdxmWidxd2uM4zVpURw=
github.com/vulkan-go/vulkan v0.0.0-20200123094538-aa511c71e200/go.mod h1:X6Qqg0j5A5cYHhFXUOl6TL/vYdyh/ajvyCvh+sEHQFI=
github.com/xlab/closer v1.0.0 h1:2o9/LUpwFzBa1RsHkH+4RPUKLJI6acUW3Go+xi6pOeY=
github.com/xlab/closer v1.0.0/go.mod h1:Ff8YcUPbn5jju6nClrMCmJHQABM0S/obEK0za/1yVMk=
